{
  "requires": true,
  "lockfileVersion": 1,
  "dependencies": {
    "eth-connect": {
      "version": "4.0.2",
      "resolved": "https://registry.npmjs.org/eth-connect/-/eth-connect-4.0.2.tgz",
      "integrity": "sha512-ifDMf6KHhKSH2uULOYfjGN9JqyZ3WlSkhAenBNzYdfDLwelXCXzXDAx7Ta2zueOag9x8o/JstCy2Nbsrgs3kVg=="
    }
  }
}
